Microsoft Visual Studio Solution File, Format Version 12.00
# Visual Studio Version 17
VisualStudioVersion = 17.5.2.0
MinimumVisualStudioVersion = 10.0.40219.1
Project("{FAE04EC0-301F-11D3-BF4B-00C04F79EFBC}") = "Assembly-CSharp-Editor", "electivo_3d\Assembly-CSharp-Editor.csproj", "{38244F49-3F32-C2FD-538E-1E99A0505A84}"
EndProject
Project("{FAE04EC0-301F-11D3-BF4B-00C04F79EFBC}") = "Assembly-CSharp", "electivo_3d\Assembly-CSharp.csproj", "{818D2774-D6BE-0C85-0CFD-0D2349A90A5A}"
EndProject
Global
	GlobalSection(SolutionConfigurationPlatforms) = preSolution
		Debug|Any CPU = Debug|Any CPU
		Release|Any CPU = Release|Any CPU
	EndGlobalSection
	GlobalSection(ProjectConfigurationPlatforms) = postSolution
		{38244F49-3F32-C2FD-538E-1E99A0505A84}.Debug|Any CPU.ActiveCfg = Debug|Any CPU
		{38244F49-3F32-C2FD-538E-1E99A0505A84}.Debug|Any CPU.Build.0 = Debug|Any CPU
		{38244F49-3F32-C2FD-538E-1E99A0505A84}.Release|Any CPU.ActiveCfg = Release|Any CPU
		{38244F49-3F32-C2FD-538E-1E99A0505A84}.Release|Any CPU.Build.0 = Release|Any CPU
		{818D2774-D6BE-0C85-0CFD-0D2349A90A5A}.Debug|Any CPU.ActiveCfg = Debug|Any CPU
		{818D2774-D6BE-0C85-0CFD-0D2349A90A5A}.Debug|Any CPU.Build.0 = Debug|Any CPU
		{818D2774-D6BE-0C85-0CFD-0D2349A90A5A}.Release|Any CPU.ActiveCfg = Release|Any CPU
		{818D2774-D6BE-0C85-0CFD-0D2349A90A5A}.Release|Any CPU.Build.0 = Release|Any CPU
	EndGlobalSection
	GlobalSection(SolutionProperties) = preSolution
		HideSolutionNode = FALSE
	EndGlobalSection
	GlobalSection(ExtensibilityGlobals) = postSolution
		SolutionGuid = {87AA4263-CF0A-4601-8529-BBD6049DEA6A}
	EndGlobalSection
EndGlobal
